
Microsoft Visual Studio Solution File, Format Version 12.00
# Visual Studio Version 17
VisualStudioVersion = 17.4.33205.214
MinimumVisualStudioVersion = 10.0.40219.1
Project("{FAE04EC0-301F-11D3-BF4B-00C04F79EFBC}") = "VectorLibrary", "VectorLibrary\VectorLibrary.csproj", "{2072419C-F7D2-4265-8012-59E880FD3C93}"
EndProject
Project("{FAE04EC0-301F-11D3-BF4B-00C04F79EFBC}") = "VectorApp", "VectorApp\VectorApp.csproj", "{8E207144-A025-4E31-B97B-E43D31CDE93F}"
EndProject
Project("{FAE04EC0-301F-11D3-BF4B-00C04F79EFBC}") = "VectorTest", "VectorTest\VectorTest.csproj", "{68C5D66C-F48A-409A-84DA-8A8A11CEF131}"
EndProject
Global
	GlobalSection(SolutionConfigurationPlatforms) = preSolution
		Debug|Any CPU = Debug|Any CPU
		Release|Any CPU = Release|Any CPU
	EndGlobalSection
	GlobalSection(ProjectConfigurationPlatforms) = postSolution
		{2072419C-F7D2-4265-8012-59E880FD3C93}.Debug|Any CPU.ActiveCfg = Debug|Any CPU
		{2072419C-F7D2-4265-8012-59E880FD3C93}.Debug|Any CPU.Build.0 = Debug|Any CPU
		{2072419C-F7D2-4265-8012-59E880FD3C93}.Release|Any CPU.ActiveCfg = Release|Any CPU
		{2072419C-F7D2-4265-8012-59E880FD3C93}.Release|Any CPU.Build.0 = Release|Any CPU
		{8E207144-A025-4E31-B97B-E43D31CDE93F}.Debug|Any CPU.ActiveCfg = Debug|Any CPU
		{8E207144-A025-4E31-B97B-E43D31CDE93F}.Debug|Any CPU.Build.0 = Debug|Any CPU
		{8E207144-A025-4E31-B97B-E43D31CDE93F}.Release|Any CPU.ActiveCfg = Release|Any CPU
		{8E207144-A025-4E31-B97B-E43D31CDE93F}.Release|Any CPU.Build.0 = Release|Any CPU
		{68C5D66C-F48A-409A-84DA-8A8A11CEF131}.Debug|Any CPU.ActiveCfg = Debug|Any CPU
		{68C5D66C-F48A-409A-84DA-8A8A11CEF131}.Debug|Any CPU.Build.0 = Debug|Any CPU
		{68C5D66C-F48A-409A-84DA-8A8A11CEF131}.Release|Any CPU.ActiveCfg = Release|Any CPU
		{68C5D66C-F48A-409A-84DA-8A8A11CEF131}.Release|Any CPU.Build.0 = Release|Any CPU
	EndGlobalSection
	GlobalSection(SolutionProperties) = preSolution
		HideSolutionNode = FALSE
	EndGlobalSection
	GlobalSection(ExtensibilityGlobals) = postSolution
		SolutionGuid = {B221E428-8395-4095-866B-E35283C17DFA}
	EndGlobalSection
EndGlobal
